
Microsoft Visual Studio Solution File, Format Version 12.00
# Visual Studio 15
VisualStudioVersion = 15.0.27130.2010
MinimumVisualStudioVersion = 10.0.40219.1
Project("{FAE04EC0-301F-11D3-BF4B-00C04F79EFBC}") = "DevExpressExcelDashboard", "DevExpressExcelDashboard\DevExpressExcelDashboard.csproj", "{A611C287-0803-4694-9C6F-6CA883CE2522}"
EndProject
Global
	GlobalSection(SolutionConfigurationPlatforms) = preSolution
		Debug|Any CPU = Debug|Any CPU
		Release|Any CPU = Release|Any CPU
	EndGlobalSection
	GlobalSection(ProjectConfigurationPlatforms) = postSolution
		{A611C287-0803-4694-9C6F-6CA883CE2522}.Debug|Any CPU.ActiveCfg = Debug|Any CPU
		{A611C287-0803-4694-9C6F-6CA883CE2522}.Debug|Any CPU.Build.0 = Debug|Any CPU
		{A611C287-0803-4694-9C6F-6CA883CE2522}.Release|Any CPU.ActiveCfg = Release|Any CPU
		{A611C287-0803-4694-9C6F-6CA883CE2522}.Release|Any CPU.Build.0 = Release|Any CPU
	EndGlobalSection
	GlobalSection(SolutionProperties) = preSolution
		HideSolutionNode = FALSE
	EndGlobalSection
	GlobalSection(ExtensibilityGlobals) = postSolution
		SolutionGuid = {02620AF7-766B-41F4-8485-A8A91EC94706}
	EndGlobalSection
EndGlobal
